
Microsoft Visual Studio Solution File, Format Version 12.00
# Visual Studio 15
VisualStudioVersion = 15.0.27130.2020
MinimumVisualStudioVersion = 10.0.40219.1
Project("{2150E333-8FDC-42A3-9474-1A3956D46DE8}") = "src", "src", "{46CCC4C7-9316-4C7B-95B3-AACF3E79A8DA}"
EndProject
Project("{2150E333-8FDC-42A3-9474-1A3956D46DE8}") = "tests", "tests", "{AB50D3FB-CC30-46A1-92D2-8148D569E711}"
EndProject
Project("{9A19103F-16F7-4668-BE54-9A1E7A4F7556}") = "PipelineFramework.Core", "src\PipelineFramework.Core\PipelineFramework.Core.csproj", "{AC6F987E-3037-4319-A992-0229D149DF8F}"
EndProject
Project("{9A19103F-16F7-4668-BE54-9A1E7A4F7556}") = "PipelineFramework.LightInject", "src\PipelineFramework.LightInject\PipelineFramework.LightInject.csproj", "{6B111514-CEF0-4DEE-8A25-B678C626CDBB}"
EndProject
Project("{9A19103F-16F7-4668-BE54-9A1E7A4F7556}") = "PipelineFramework.LightInject.Tests", "tests\PipelineFramework.LightInject.Tests\PipelineFramework.LightInject.Tests.csproj", "{D834A981-D80B-4239-8EAD-F25A9458A4F6}"
EndProject
Project("{9A19103F-16F7-4668-BE54-9A1E7A4F7556}") = "PipelineFramework.Core.Tests", "tests\PipelineFramework.Core.Tests\PipelineFramework.Core.Tests.csproj", "{29D75D6A-E501-4A1B-9F28-EB9492AB409C}"
EndProject
Project("{9A19103F-16F7-4668-BE54-9A1E7A4F7556}") = "PipelineFramework.Autofac", "src\PipelineFramework.Autofac\PipelineFramework.Autofac.csproj", "{2F8A03A3-CDEF-46D7-B11C-1C17424645DB}"
EndProject
Project("{9A19103F-16F7-4668-BE54-9A1E7A4F7556}") = "PipelineFramework.Autofac.Tests", "tests\PipelineFramework.Autofac.Tests\PipelineFramework.Autofac.Tests.csproj", "{258E55C0-0CC0-4548-B2B0-B039038ED18B}"
EndProject
Project("{FAE04EC0-301F-11D3-BF4B-00C04F79EFBC}") = "UnitTestCommon", "UnitTestCommon\UnitTestCommon.csproj", "{7149656B-FAC0-4027-BB22-208152ED4026}"
EndProject
Global
	GlobalSection(SolutionConfigurationPlatforms) = preSolution
		Debug|Any CPU = Debug|Any CPU
		Release|Any CPU = Release|Any CPU
	EndGlobalSection
	GlobalSection(ProjectConfigurationPlatforms) = postSolution
		{AC6F987E-3037-4319-A992-0229D149DF8F}.Debug|Any CPU.ActiveCfg = Debug|Any CPU
		{AC6F987E-3037-4319-A992-0229D149DF8F}.Debug|Any CPU.Build.0 = Debug|Any CPU
		{AC6F987E-3037-4319-A992-0229D149DF8F}.Release|Any CPU.ActiveCfg = Release|Any CPU
		{AC6F987E-3037-4319-A992-0229D149DF8F}.Release|Any CPU.Build.0 = Release|Any CPU
		{6B111514-CEF0-4DEE-8A25-B678C626CDBB}.Debug|Any CPU.ActiveCfg = Debug|Any CPU
		{6B111514-CEF0-4DEE-8A25-B678C626CDBB}.Debug|Any CPU.Build.0 = Debug|Any CPU
		{6B111514-CEF0-4DEE-8A25-B678C626CDBB}.Release|Any CPU.ActiveCfg = Release|Any CPU
		{6B111514-CEF0-4DEE-8A25-B678C626CDBB}.Release|Any CPU.Build.0 = Release|Any CPU
		{D834A981-D80B-4239-8EAD-F25A9458A4F6}.Debug|Any CPU.ActiveCfg = Debug|Any CPU
		{D834A981-D80B-4239-8EAD-F25A9458A4F6}.Debug|Any CPU.Build.0 = Debug|Any CPU
		{D834A981-D80B-4239-8EAD-F25A9458A4F6}.Release|Any CPU.ActiveCfg = Release|Any CPU
		{D834A981-D80B-4239-8EAD-F25A9458A4F6}.Release|Any CPU.Build.0 = Release|Any CPU
		{29D75D6A-E501-4A1B-9F28-EB9492AB409C}.Debug|Any CPU.ActiveCfg = Debug|Any CPU
		{29D75D6A-E501-4A1B-9F28-EB9492AB409C}.Debug|Any CPU.Build.0 = Debug|Any CPU
		{29D75D6A-E501-4A1B-9F28-EB9492AB409C}.Release|Any CPU.ActiveCfg = Release|Any CPU
		{29D75D6A-E501-4A1B-9F28-EB9492AB409C}.Release|Any CPU.Build.0 = Release|Any CPU
		{2F8A03A3-CDEF-46D7-B11C-1C17424645DB}.Debug|Any CPU.ActiveCfg = Debug|Any CPU
		{2F8A03A3-CDEF-46D7-B11C-1C17424645DB}.Debug|Any CPU.Build.0 = Debug|Any CPU
		{2F8A03A3-CDEF-46D7-B11C-1C17424645DB}.Release|Any CPU.ActiveCfg = Release|Any CPU
		{2F8A03A3-CDEF-46D7-B11C-1C17424645DB}.Release|Any CPU.Build.0 = Release|Any CPU
		{258E55C0-0CC0-4548-B2B0-B039038ED18B}.Debug|Any CPU.ActiveCfg = Debug|Any CPU
		{258E55C0-0CC0-4548-B2B0-B039038ED18B}.Debug|Any CPU.Build.0 = Debug|Any CPU
		{258E55C0-0CC0-4548-B2B0-B039038ED18B}.Release|Any CPU.ActiveCfg = Release|Any CPU
		{258E55C0-0CC0-4548-B2B0-B039038ED18B}.Release|Any CPU.Build.0 = Release|Any CPU
		{7149656B-FAC0-4027-BB22-208152ED4026}.Debug|Any CPU.ActiveCfg = Debug|Any CPU
		{7149656B-FAC0-4027-BB22-208152ED4026}.Debug|Any CPU.Build.0 = Debug|Any CPU
		{7149656B-FAC0-4027-BB22-208152ED4026}.Release|Any CPU.ActiveCfg = Release|Any CPU
		{7149656B-FAC0-4027-BB22-208152ED4026}.Release|Any CPU.Build.0 = Release|Any CPU
	EndGlobalSection
	GlobalSection(SolutionProperties) = preSolution
		HideSolutionNode = FALSE
	EndGlobalSection
	GlobalSection(NestedProjects) = preSolution
		{AC6F987E-3037-4319-A992-0229D149DF8F} = {46CCC4C7-9316-4C7B-95B3-AACF3E79A8DA}
		{6B111514-CEF0-4DEE-8A25-B678C626CDBB} = {46CCC4C7-9316-4C7B-95B3-AACF3E79A8DA}
		{D834A981-D80B-4239-8EAD-F25A9458A4F6} = {AB50D3FB-CC30-46A1-92D2-8148D569E711}
		{29D75D6A-E501-4A1B-9F28-EB9492AB409C} = {AB50D3FB-CC30-46A1-92D2-8148D569E711}
		{2F8A03A3-CDEF-46D7-B11C-1C17424645DB} = {46CCC4C7-9316-4C7B-95B3-AACF3E79A8DA}
		{258E55C0-0CC0-4548-B2B0-B039038ED18B} = {AB50D3FB-CC30-46A1-92D2-8148D569E711}
		{7149656B-FAC0-4027-BB22-208152ED4026} = {AB50D3FB-CC30-46A1-92D2-8148D569E711}
	EndGlobalSection
	GlobalSection(ExtensibilityGlobals) = postSolution
		SolutionGuid = {AA4EB542-AAE6-49C6-9BCA-E66759481D44}
	EndGlobalSection
EndGlobal
