
Microsoft Visual Studio Solution File, Format Version 12.00
# Visual Studio 15
VisualStudioVersion = 15.0.27130.2020
MinimumVisualStudioVersion = 10.0.40219.1
Project("{9A19103F-16F7-4668-BE54-9A1E7A4F7556}") = "PipelineFramework", "src\PipelineFramework\PipelineFramework.csproj", "{07BD310E-D670-4611-A6FE-2C5A969112DD}"
EndProject
Project("{FAE04EC0-301F-11D3-BF4B-00C04F79EFBC}") = "PipelineFramework.Tests", "tests\PipelineFramework.Tests\PipelineFramework.Tests.csproj", "{DCE0A698-10C3-4F81-BCC9-0920EC0B8B89}"
EndProject
Global
	GlobalSection(SolutionConfigurationPlatforms) = preSolution
		Debug|Any CPU = Debug|Any CPU
		Release|Any CPU = Release|Any CPU
	EndGlobalSection
	GlobalSection(ProjectConfigurationPlatforms) = postSolution
		{07BD310E-D670-4611-A6FE-2C5A969112DD}.Debug|Any CPU.ActiveCfg = Debug|Any CPU
		{07BD310E-D670-4611-A6FE-2C5A969112DD}.Debug|Any CPU.Build.0 = Debug|Any CPU
		{07BD310E-D670-4611-A6FE-2C5A969112DD}.Release|Any CPU.ActiveCfg = Release|Any CPU
		{07BD310E-D670-4611-A6FE-2C5A969112DD}.Release|Any CPU.Build.0 = Release|Any CPU
		{DCE0A698-10C3-4F81-BCC9-0920EC0B8B89}.Debug|Any CPU.ActiveCfg = Debug|Any CPU
		{DCE0A698-10C3-4F81-BCC9-0920EC0B8B89}.Debug|Any CPU.Build.0 = Debug|Any CPU
		{DCE0A698-10C3-4F81-BCC9-0920EC0B8B89}.Release|Any CPU.ActiveCfg = Release|Any CPU
		{DCE0A698-10C3-4F81-BCC9-0920EC0B8B89}.Release|Any CPU.Build.0 = Release|Any CPU
	EndGlobalSection
	GlobalSection(SolutionProperties) = preSolution
		HideSolutionNode = FALSE
	EndGlobalSection
	GlobalSection(ExtensibilityGlobals) = postSolution
		SolutionGuid = {AA4EB542-AAE6-49C6-9BCA-E66759481D44}
	EndGlobalSection
EndGlobal
